
Microsoft Visual Studio Solution File, Format Version 12.00
# Visual Studio Version 16
VisualStudioVersion = 16.0.29509.3
MinimumVisualStudioVersion = 10.0.40219.1
Project("{888888A0-9F3D-457C-B088-3A5042F75D52}") = "Serialtest", "Serialtest\Serialtest.pyproj", "{649632B1-DBBF-49EA-8044-1FC97F17525C}"
EndProject
Global
	GlobalSection(SolutionConfigurationPlatforms) = preSolution
		Debug|Any CPU = Debug|Any CPU
		Release|Any CPU = Release|Any CPU
	EndGlobalSection
	GlobalSection(ProjectConfigurationPlatforms) = postSolution
		{649632B1-DBBF-49EA-8044-1FC97F17525C}.Debug|Any CPU.ActiveCfg = Debug|Any CPU
		{649632B1-DBBF-49EA-8044-1FC97F17525C}.Release|Any CPU.ActiveCfg = Release|Any CPU
	EndGlobalSection
	GlobalSection(SolutionProperties) = preSolution
		HideSolutionNode = FALSE
	EndGlobalSection
	GlobalSection(ExtensibilityGlobals) = postSolution
		SolutionGuid = {AFE73861-DD29-4285-AFFB-CF93B23E0965}
	EndGlobalSection
EndGlobal
